
Microsoft Visual Studio Solution File, Format Version 12.00
# Visual Studio Version 17
VisualStudioVersion = 17.11.35327.3
MinimumVisualStudioVersion = 10.0.40219.1
Project("{FAE04EC0-301F-11D3-BF4B-00C04F79EFBC}") = "AzureAIConsoleApp", "AzureAIConsoleApp.csproj", "{85CCA2E3-49E4-4A58-9D61-B74DEA0FC4CB}"
EndProject
Global
	GlobalSection(SolutionConfigurationPlatforms) = preSolution
		Debug|Any CPU = Debug|Any CPU
		Release|Any CPU = Release|Any CPU
	EndGlobalSection
	GlobalSection(ProjectConfigurationPlatforms) = postSolution
		{85CCA2E3-49E4-4A58-9D61-B74DEA0FC4CB}.Debug|Any CPU.ActiveCfg = Debug|Any CPU
		{85CCA2E3-49E4-4A58-9D61-B74DEA0FC4CB}.Debug|Any CPU.Build.0 = Debug|Any CPU
		{85CCA2E3-49E4-4A58-9D61-B74DEA0FC4CB}.Release|Any CPU.ActiveCfg = Release|Any CPU
		{85CCA2E3-49E4-4A58-9D61-B74DEA0FC4CB}.Release|Any CPU.Build.0 = Release|Any CPU
	EndGlobalSection
	GlobalSection(SolutionProperties) = preSolution
		HideSolutionNode = FALSE
	EndGlobalSection
	GlobalSection(ExtensibilityGlobals) = postSolution
		SolutionGuid = {67D7EB60-8481-4CE9-B013-E215C4BE3234}
	EndGlobalSection
EndGlobal
